
Microsoft Visual Studio Solution File, Format Version 12.00
# Visual Studio Version 16
VisualStudioVersion = 16.0.29326.143
MinimumVisualStudioVersion = 10.0.40219.1
Project("{9A19103F-16F7-4668-BE54-9A1E7A4F7556}") = "UISample", "UISample\UISample.csproj", "{E96DF319-EBB2-44E5-847B-877BC631B669}"
EndProject
Global
	GlobalSection(SolutionConfigurationPlatforms) = preSolution
		Debug|Any CPU = Debug|Any CPU
		Release|Any CPU = Release|Any CPU
	EndGlobalSection
	GlobalSection(ProjectConfigurationPlatforms) = postSolution
		{E96DF319-EBB2-44E5-847B-877BC631B669}.Debug|Any CPU.ActiveCfg = Debug|Any CPU
		{E96DF319-EBB2-44E5-847B-877BC631B669}.Debug|Any CPU.Build.0 = Debug|Any CPU
		{E96DF319-EBB2-44E5-847B-877BC631B669}.Release|Any CPU.ActiveCfg = Release|Any CPU
		{E96DF319-EBB2-44E5-847B-877BC631B669}.Release|Any CPU.Build.0 = Release|Any CPU
	EndGlobalSection
	GlobalSection(SolutionProperties) = preSolution
		HideSolutionNode = FALSE
	EndGlobalSection
	GlobalSection(ExtensibilityGlobals) = postSolution
		SolutionGuid = {29755097-A173-4B19-8BE0-E42484900B26}
	EndGlobalSection
EndGlobal
